{
  "object": {
    "pins": [
      {
        "package": "ArgyleKit",
        "repositoryURL": "https://github.com/boundsj/ArgyleKit.git",
        "state": {
          "branch": null,
          "revision": "12efc6d585a63970a8d76f71fee9190593c55065",
          "version": null
        }
      },
      {
        "package": "Core",
        "repositoryURL": "https://github.com/vapor/core.git",
        "state": {
          "branch": null,
          "revision": "ad776ec35f0a811672128eaf796fb3de10a46d3f",
          "version": "3.4.2"
        }
      },
      {
        "package": "Crypto",
        "repositoryURL": "https://github.com/vapor/crypto.git",
        "state": {
          "branch": null,
          "revision": "4b85405430df1892ee3aa1554bdb477e96cf46ad",
          "version": "3.2.0"
        }
      },
      {
        "package": "HTTP",
        "repositoryURL": "https://github.com/vapor/http.git",
        "state": {
          "branch": null,
          "revision": "f3641659867edfa7db1a939d1e38ece7f3766e25",
          "version": "3.1.2"
        }
      },
      {
        "package": "swift-nio",
        "repositoryURL": "https://github.com/apple/swift-nio.git",
        "state": {
          "branch": null,
          "revision": "f42c836ba58e3e38688acdb75df986dff02717f1",
          "version": "1.9.4"
        }
      },
      {
        "package": "swift-nio-ssl",
        "repositoryURL": "https://github.com/apple/swift-nio-ssl.git",
        "state": {
          "branch": null,
          "revision": "6617eb0d3afcb12170594968df01ca63afb58ac5",
          "version": "1.2.0"
        }
      },
      {
        "package": "swift-nio-ssl-support",
        "repositoryURL": "https://github.com/apple/swift-nio-ssl-support.git",
        "state": {
          "branch": null,
          "revision": "c02eec4e0e6d351cd092938cf44195a8e669f555",
          "version": "1.0.0"
        }
      },
      {
        "package": "swift-nio-zlib-support",
        "repositoryURL": "https://github.com/apple/swift-nio-zlib-support.git",
        "state": {
          "branch": null,
          "revision": "37760e9a52030bb9011972c5213c3350fa9d41fd",
          "version": "1.0.0"
        }
      },
      {
        "package": "WebSocket",
        "repositoryURL": "https://github.com/boundsj/websocket.git",
        "state": {
          "branch": null,
          "revision": "834511bcb0f39b571918853e05b77587c93a2c0c",
          "version": null
        }
      }
    ]
  },
  "version": 1
}
